# This file is automatically @generated by Poetry 1.5.1 and should not be changed by hand.

[[package]]
name = "fdb"
version = "2.0.2"
description = "The Python driver for Firebird"
optional = false
python-versions = ">=2.7, !=3.0.*, !=3.1.*, !=3.2.*, !=3.3.*, <4"
files = [
    {file = "fdb-2.0.2-py2.py3-none-any.whl", hash = "sha256:ea54815c33760540ce0619d7ef3e0b33953000683d07ea611809d799153995f2"},
    {file = "fdb-2.0.2.tar.gz", hash = "sha256:c10c54028308dcd3d5f5f3afe8a4039cbbef22dcd3b041c30b643cf2f0d33120"},
]

[package.dependencies]
future = ">=0.16.0"

[[package]]
name = "future"
version = "0.18.3"
description = "Clean single-source support for Python 3 and 2"
optional = false
python-versions = ">=2.6, !=3.0.*, !=3.1.*, !=3.2.*"
files = [
    {file = "future-0.18.3.tar.gz", hash = "sha256:34a17436ed1e96697a86f9de3d15a3b0be01d8bc8de9c1dffd59fb8234ed5307"},
]

[metadata]
lock-version = "2.0"
python-versions = "^3.10"
content-hash = "e67922b775b6f53e85e84863f906ae76b8815f106b99ad3f46101974e9463185"
